// !$*UTF8*$!
{
	archiveVersion = 1;
	classes = {
	};
	objectVersion = 50;
	objects = {

/* Begin PBXBuildFile section */
		D885DD6323157053005D1D97 /* AppDelegate.swift in Sources */ = {isa = PBXBuildFile; fileRef = D885DD6223157053005D1D97 /* AppDelegate.swift */; };
		D885DD6523157053005D1D97 /* TodoListViewController.swift in Sources */ = {isa = PBXBuildFile; fileRef = D885DD6423157053005D1D97 /* TodoListViewController.swift */; };
		D885DD6823157053005D1D97 /* Main.storyboard in Resources */ = {isa = PBXBuildFile; fileRef = D885DD6623157053005D1D97 /* Main.storyboard */; };
		D885DD6A2315705C005D1D97 /* Assets.xcassets in Resources */ = {isa = PBXBuildFile; fileRef = D885DD692315705C005D1D97 /* Assets.xcassets */; };
		D885DD6D2315705C005D1D97 /* LaunchScreen.storyboard in Resources */ = {isa = PBXBuildFile; fileRef = D885DD6B2315705C005D1D97 /* LaunchScreen.storyboard */; };
		D8BF6F4D2319114C0084307B /* DataModel.xcdatamodeld in Sources */ = {isa = PBXBuildFile; fileRef = D8BF6F4B2319114C0084307B /* DataModel.xcdatamodeld */; };
		D8BF6F70231A54EA0084307B /* CategoryViewController.swift in Sources */ = {isa = PBXBuildFile; fileRef = D8BF6F6F231A54EA0084307B /* CategoryViewController.swift */; };
/* End PBXBuildFile section */

/* Begin PBXFileReference section */
		D885DD5F23157053005D1D97 /* Todoey.app */ = {isa = PBXFileReference; explicitFileType = wrapper.application; includeInIndex = 0; path = Todoey.app; sourceTree = BUILT_PRODUCTS_DIR; };
		D885DD6223157053005D1D97 /* AppDelegate.swift */ = {isa = PBXFileReference; lastKnownFileType = sourcecode.swift; path = AppDelegate.swift; sourceTree = "<group>"; };
		D885DD6423157053005D1D97 /* TodoListViewController.swift */ = {isa = PBXFileReference; lastKnownFileType = sourcecode.swift; path = TodoListViewController.swift; sourceTree = "<group>"; };
		D885DD6723157053005D1D97 /* Base */ = {isa = PBXFileReference; lastKnownFileType = file.storyboard; name = Base; path = Base.lproj/Main.storyboard; sourceTree = "<group>"; };
		D885DD692315705C005D1D97 /* Assets.xcassets */ = {isa = PBXFileReference; lastKnownFileType = folder.assetcatalog; path = Assets.xcassets; sourceTree = "<group>"; };
		D885DD6C2315705C005D1D97 /* Base */ = {isa = PBXFileReference; lastKnownFileType = file.storyboard; name = Base; path = Base.lproj/LaunchScreen.storyboard; sourceTree = "<group>"; };
		D885DD6E2315705C005D1D97 /* Info.plist */ = {isa = PBXFileReference; lastKnownFileType = text.plist.xml; path = Info.plist; sourceTree = "<group>"; };
		D8BF6F4C2319114C0084307B /* DataModel.xcdatamodel */ = {isa = PBXFileReference; lastKnownFileType = wrapper.xcdatamodel; path = DataModel.xcdatamodel; sourceTree = "<group>"; };
		D8BF6F6F231A54EA0084307B /* CategoryViewController.swift */ = {isa = PBXFileReference; lastKnownFileType = sourcecode.swift; path = CategoryViewController.swift; sourceTree = "<group>"; };
/* End PBXFileReference section */

/* Begin PBXFrameworksBuildPhase section */
		D885DD5C23157053005D1D97 /* Frameworks */ = {
			isa = PBXFrameworksBuildPhase;
			buildActionMask = 2147483647;
			files = (
			);
			runOnlyForDeploymentPostprocessing = 0;
		};
/* End PBXFrameworksBuildPhase section */

/* Begin PBXGroup section */
		D885DD5623157053005D1D97 = {
			isa = PBXGroup;
			children = (
				D885DD6123157053005D1D97 /* Todoey */,
				D885DD6023157053005D1D97 /* Products */,
			);
			sourceTree = "<group>";
		};
		D885DD6023157053005D1D97 /* Products */ = {
			isa = PBXGroup;
			children = (
				D885DD5F23157053005D1D97 /* Todoey.app */,
			);
			name = Products;
			sourceTree = "<group>";
		};
		D885DD6123157053005D1D97 /* Todoey */ = {
			isa = PBXGroup;
			children = (
				D885DD6223157053005D1D97 /* AppDelegate.swift */,
				D8CA83E92317F5F200F5F670 /* Data Model */,
				D8CA83EB2317F63800F5F670 /* Views */,
				D8CA83EA2317F62800F5F670 /* Controllers */,
				D8CA83EC2317F64800F5F670 /* Supported Files */,
				D885DD6E2315705C005D1D97 /* Info.plist */,
			);
			path = Todoey;
			sourceTree = "<group>";
		};
		D8CA83E92317F5F200F5F670 /* Data Model */ = {
			isa = PBXGroup;
			children = (
				D8BF6F4B2319114C0084307B /* DataModel.xcdatamodeld */,
			);
			path = "Data Model";
			sourceTree = "<group>";
		};
		D8CA83EA2317F62800F5F670 /* Controllers */ = {
			isa = PBXGroup;
			children = (
				D8BF6F6F231A54EA0084307B /* CategoryViewController.swift */,
				D885DD6423157053005D1D97 /* TodoListViewController.swift */,
			);
			path = Controllers;
			sourceTree = "<group>";
		};
		D8CA83EB2317F63800F5F670 /* Views */ = {
			isa = PBXGroup;
			children = (
				D885DD6623157053005D1D97 /* Main.storyboard */,
			);
			path = Views;
			sourceTree = "<group>";
		};
		D8CA83EC2317F64800F5F670 /* Supported Files */ = {
			isa = PBXGroup;
			children = (
				D885DD692315705C005D1D97 /* Assets.xcassets */,
				D885DD6B2315705C005D1D97 /* LaunchScreen.storyboard */,
			);
			path = "Supported Files";
			sourceTree = "<group>";
		};
/* End PBXGroup section */

/* Begin PBXNativeTarget section */
		D885DD5E23157053005D1D97 /* Todoey */ = {
			isa = PBXNativeTarget;
			buildConfigurationList = D885DD712315705C005D1D97 /* Build configuration list for PBXNativeTarget "Todoey" */;
			buildPhases = (
				D885DD5B23157053005D1D97 /* Sources */,
				D885DD5C23157053005D1D97 /* Frameworks */,
				D885DD5D23157053005D1D97 /* Resources */,
			);
			buildRules = (
			);
			dependencies = (
			);
			name = Todoey;
			productName = Todoey;
			productReference = D885DD5F23157053005D1D97 /* Todoey.app */;
			productType = "com.apple.product-type.application";
		};
/* End PBXNativeTarget section */

/* Begin PBXProject section */
		D885DD5723157053005D1D97 /* Project object */ = {
			isa = PBXProject;
			attributes = {
				LastSwiftUpdateCheck = 1030;
				LastUpgradeCheck = 1030;
				ORGANIZATIONNAME = "Caner Ates";
				TargetAttributes = {
					D885DD5E23157053005D1D97 = {
						CreatedOnToolsVersion = 10.3;
					};
				};
			};
			buildConfigurationList = D885DD5A23157053005D1D97 /* Build configuration list for PBXProject "Todoey" */;
			compatibilityVersion = "Xcode 9.3";
			developmentRegion = en;
			hasScannedForEncodings = 0;
			knownRegions = (
				en,
				Base,
			);
			mainGroup = D885DD5623157053005D1D97;
			productRefGroup = D885DD6023157053005D1D97 /* Products */;
			projectDirPath = "";
			projectRoot = "";
			targets = (
				D885DD5E23157053005D1D97 /* Todoey */,
			);
		};
/* End PBXProject section */

/* Begin PBXResourcesBuildPhase section */
		D885DD5D23157053005D1D97 /* Resources */ = {
			isa = PBXResourcesBuildPhase;
			buildActionMask = 2147483647;
			files = (
				D885DD6D2315705C005D1D97 /* LaunchScreen.storyboard in Resources */,
				D885DD6A2315705C005D1D97 /* Assets.xcassets in Resources */,
				D885DD6823157053005D1D97 /* Main.storyboard in Resources */,
			);
			runOnlyForDeploymentPostprocessing = 0;
		};
/* End PBXResourcesBuildPhase section */

/* Begin PBXSourcesBuildPhase section */
		D885DD5B23157053005D1D97 /* Sources */ = {
			isa = PBXSourcesBuildPhase;
			buildActionMask = 2147483647;
			files = (
				D8BF6F70231A54EA0084307B /* CategoryViewController.swift in Sources */,
				D885DD6523157053005D1D97 /* TodoListViewController.swift in Sources */,
				D8BF6F4D2319114C0084307B /* DataModel.xcdatamodeld in Sources */,
				D885DD6323157053005D1D97 /* AppDelegate.swift in Sources */,
			);
			runOnlyForDeploymentPostprocessing = 0;
		};
/* End PBXSourcesBuildPhase section */

/* Begin PBXVariantGroup section */
		D885DD6623157053005D1D97 /* Main.storyboard */ = {
			isa = PBXVariantGroup;
			children = (
				D885DD6723157053005D1D97 /* Base */,
			);
			name = Main.storyboard;
			sourceTree = "<group>";
		};
		D885DD6B2315705C005D1D97 /* LaunchScreen.storyboard */ = {
			isa = PBXVariantGroup;
			children = (
				D885DD6C2315705C005D1D97 /* Base */,
			);
			name = LaunchScreen.storyboard;
			sourceTree = "<group>";
		};
/* End PBXVariantGroup section */

/* Begin XCBuildConfiguration section */
		D885DD6F2315705C005D1D97 /* Debug */ = {
			isa = XCBuildConfiguration;
			buildSettings = {
				ALWAYS_SEARCH_USER_PATHS = NO;
				CLANG_ANALYZER_NONNULL = YES;
				CLANG_ANALYZER_NUMBER_OBJECT_CONVERSION = YES_AGGRESSIVE;
				CLANG_CXX_LANGUAGE_STANDARD = "gnu++14";
				CLANG_CXX_LIBRARY = "libc++";
				CLANG_ENABLE_MODULES = YES;
				CLANG_ENABLE_OBJC_ARC = YES;
				CLANG_ENABLE_OBJC_WEAK = YES;
				CLANG_WARN_BLOCK_CAPTURE_AUTORELEASING = YES;
				CLANG_WARN_BOOL_CONVERSION = YES;
				CLANG_WARN_COMMA = YES;
				CLANG_WARN_CONSTANT_CONVERSION = YES;
				CLANG_WARN_DEPRECATED_OBJC_IMPLEMENTATIONS = YES;
				CLANG_WARN_DIRECT_OBJC_ISA_USAGE = YES_ERROR;
				CLANG_WARN_DOCUMENTATION_COMMENTS = YES;
				CLANG_WARN_EMPTY_BODY = YES;
				CLANG_WARN_ENUM_CONVERSION = YES;
				CLANG_WARN_INFINITE_RECURSION = YES;
				CLANG_WARN_INT_CONVERSION = YES;
				CLANG_WARN_NON_LITERAL_NULL_CONVERSION = YES;
				CLANG_WARN_OBJC_IMPLICIT_RETAIN_SELF = YES;
				CLANG_WARN_OBJC_LITERAL_CONVERSION = YES;
				CLANG_WARN_OBJC_ROOT_CLASS = YES_ERROR;
				CLANG_WARN_RANGE_LOOP_ANALYSIS = YES;
				CLANG_WARN_STRICT_PROTOTYPES = YES;
				CLANG_WARN_SUSPICIOUS_MOVE = YES;
				CLANG_WARN_UNGUARDED_AVAILABILITY = YES_AGGRESSIVE;
				CLANG_WARN_UNREACHABLE_CODE = YES;
				CLANG_WARN__DUPLICATE_METHOD_MATCH = YES;
				CODE_SIGN_IDENTITY = "iPhone Developer";
				COPY_PHASE_STRIP = NO;
				DEBUG_INFORMATION_FORMAT = dwarf;
				ENABLE_STRICT_OBJC_MSGSEND = YES;
				ENABLE_TESTABILITY = YES;
				GCC_C_LANGUAGE_STANDARD = gnu11;
				GCC_DYNAMIC_NO_PIC = NO;
				GCC_NO_COMMON_BLOCKS = YES;
				GCC_OPTIMIZATION_LEVEL = 0;
				GCC_PREPROCESSOR_DEFINITIONS = (
					"DEBUG=1",
					"$(inherited)",
				);
				GCC_WARN_64_TO_32_BIT_CONVERSION = YES;
				GCC_WARN_ABOUT_RETURN_TYPE = YES_ERROR;
				GCC_WARN_UNDECLARED_SELECTOR = YES;
				GCC_WARN_UNINITIALIZED_AUTOS = YES_AGGRESSIVE;
				GCC_WARN_UNUSED_FUNCTION = YES;
				GCC_WARN_UNUSED_VARIABLE = YES;
				IPHONEOS_DEPLOYMENT_TARGET = 12.4;
				MTL_ENABLE_DEBUG_INFO = INCLUDE_SOURCE;
				MTL_FAST_MATH = YES;
				ONLY_ACTIVE_ARCH = YES;
				SDKROOT = iphoneos;
				SWIFT_ACTIVE_COMPILATION_CONDITIONS = DEBUG;
				SWIFT_OPTIMIZATION_LEVEL = "-Onone";
			};
			name = Debug;
		};
		D885DD702315705C005D1D97 /* Release */ = {
			isa = XCBuildConfiguration;
			buildSettings = {
				ALWAYS_SEARCH_USER_PATHS = NO;
				CLANG_ANALYZER_NONNULL = YES;
				CLANG_ANALYZER_NUMBER_OBJECT_CONVERSION = YES_AGGRESSIVE;
				CLANG_CXX_LANGUAGE_STANDARD = "gnu++14";
				CLANG_CXX_LIBRARY = "libc++";
				CLANG_ENABLE_MODULES = YES;
				CLANG_ENABLE_OBJC_ARC = YES;
				CLANG_ENABLE_OBJC_WEAK = YES;
				CLANG_WARN_BLOCK_CAPTURE_AUTORELEASING = YES;
				CLANG_WARN_BOOL_CONVERSION = YES;
				CLANG_WARN_COMMA = YES;
				CLANG_WARN_CONSTANT_CONVERSION = YES;
				CLANG_WARN_DEPRECATED_OBJC_IMPLEMENTATIONS = YES;
				CLANG_WARN_DIRECT_OBJC_ISA_USAGE = YES_ERROR;
				CLANG_WARN_DOCUMENTATION_COMMENTS = YES;
				CLANG_WARN_EMPTY_BODY = YES;
				CLANG_WARN_ENUM_CONVERSION = YES;
				CLANG_WARN_INFINITE_RECURSION = YES;
				CLANG_WARN_INT_CONVERSION = YES;
				CLANG_WARN_NON_LITERAL_NULL_CONVERSION = YES;
				CLANG_WARN_OBJC_IMPLICIT_RETAIN_SELF = YES;
				CLANG_WARN_OBJC_LITERAL_CONVERSION = YES;
				CLANG_WARN_OBJC_ROOT_CLASS = YES_ERROR;
				CLANG_WARN_RANGE_LOOP_ANALYSIS = YES;
				CLANG_WARN_STRICT_PROTOTYPES = YES;
				CLANG_WARN_SUSPICIOUS_MOVE = YES;
				CLANG_WARN_UNGUARDED_AVAILABILITY = YES_AGGRESSIVE;
				CLANG_WARN_UNREACHABLE_CODE = YES;
				CLANG_WARN__DUPLICATE_METHOD_MATCH = YES;
				CODE_SIGN_IDENTITY = "iPhone Developer";
				COPY_PHASE_STRIP = NO;
				DEBUG_INFORMATION_FORMAT = "dwarf-with-dsym";
				ENABLE_NS_ASSERTIONS = NO;
				ENABLE_STRICT_OBJC_MSGSEND = YES;
				GCC_C_LANGUAGE_STANDARD = gnu11;
				GCC_NO_COMMON_BLOCKS = YES;
				GCC_WARN_64_TO_32_BIT_CONVERSION = YES;
				GCC_WARN_ABOUT_RETURN_TYPE = YES_ERROR;
				GCC_WARN_UNDECLARED_SELECTOR = YES;
				GCC_WARN_UNINITIALIZED_AUTOS = YES_AGGRESSIVE;
				GCC_WARN_UNUSED_FUNCTION = YES;
				GCC_WARN_UNUSED_VARIABLE = YES;
				IPHONEOS_DEPLOYMENT_TARGET = 12.4;
				MTL_ENABLE_DEBUG_INFO = NO;
				MTL_FAST_MATH = YES;
				SDKROOT = iphoneos;
				SWIFT_COMPILATION_MODE = wholemodule;
				SWIFT_OPTIMIZATION_LEVEL = "-O";
				VALIDATE_PRODUCT = YES;
			};
			name = Release;
		};
		D885DD722315705C005D1D97 /* Debug */ = {
			isa = XCBuildConfiguration;
			buildSettings = {
				ASSETCATALOG_COMPILER_APPICON_NAME = AppIcon;
				CODE_SIGN_STYLE = Automatic;
				DEVELOPMENT_TEAM = 8N8M9HWA9N;
				INFOPLIST_FILE = Todoey/Info.plist;
				LD_RUNPATH_SEARCH_PATHS = (
					"$(inherited)",
					"@executable_path/Frameworks",
				);
				PRODUCT_BUNDLE_IDENTIFIER = com.canerates.Todoey;
				PRODUCT_NAME = "$(TARGET_NAME)";
				SWIFT_VERSION = 5.0;
				TARGETED_DEVICE_FAMILY = "1,2";
			};
			name = Debug;
		};
		D885DD732315705C005D1D97 /* Release */ = {
			isa = XCBuildConfiguration;
			buildSettings = {
				ASSETCATALOG_COMPILER_APPICON_NAME = AppIcon;
				CODE_SIGN_STYLE = Automatic;
				DEVELOPMENT_TEAM = 8N8M9HWA9N;
				INFOPLIST_FILE = Todoey/Info.plist;
				LD_RUNPATH_SEARCH_PATHS = (
					"$(inherited)",
					"@executable_path/Frameworks",
				);
				PRODUCT_BUNDLE_IDENTIFIER = com.canerates.Todoey;
				PRODUCT_NAME = "$(TARGET_NAME)";
				SWIFT_VERSION = 5.0;
				TARGETED_DEVICE_FAMILY = "1,2";
			};
			name = Release;
		};
/* End XCBuildConfiguration section */

/* Begin XCConfigurationList section */
		D885DD5A23157053005D1D97 /* Build configuration list for PBXProject "Todoey" */ = {
			isa = XCConfigurationList;
			buildConfigurations = (
				D885DD6F2315705C005D1D97 /* Debug */,
				D885DD702315705C005D1D97 /* Release */,
			);
			defaultConfigurationIsVisible = 0;
			defaultConfigurationName = Release;
		};
		D885DD712315705C005D1D97 /* Build configuration list for PBXNativeTarget "Todoey" */ = {
			isa = XCConfigurationList;
			buildConfigurations = (
				D885DD722315705C005D1D97 /* Debug */,
				D885DD732315705C005D1D97 /* Release */,
			);
			defaultConfigurationIsVisible = 0;
			defaultConfigurationName = Release;
		};
/* End XCConfigurationList section */

/* Begin XCVersionGroup section */
		D8BF6F4B2319114C0084307B /* DataModel.xcdatamodeld */ = {
			isa = XCVersionGroup;
			children = (
				D8BF6F4C2319114C0084307B /* DataModel.xcdatamodel */,
			);
			currentVersion = D8BF6F4C2319114C0084307B /* DataModel.xcdatamodel */;
			path = DataModel.xcdatamodeld;
			sourceTree = "<group>";
			versionGroupType = wrapper.xcdatamodel;
		};
/* End XCVersionGroup section */
	};
	rootObject = D885DD5723157053005D1D97 /* Project object */;
}
